
Microsoft Visual Studio Solution File, Format Version 12.00
# Visual Studio Version 17
VisualStudioVersion = 17.1.32210.238
MinimumVisualStudioVersion = 10.0.40219.1
Project("{FAE04EC0-301F-11D3-BF4B-00C04F79EFBC}") = "modul4_1302204011", "modul4_1302204011\modul4_1302204011.csproj", "{5508CC0C-2902-42F4-B8D6-4754CFE66A78}"
EndProject
Global
	GlobalSection(SolutionConfigurationPlatforms) = preSolution
		Debug|Any CPU = Debug|Any CPU
		Release|Any CPU = Release|Any CPU
	EndGlobalSection
	GlobalSection(ProjectConfigurationPlatforms) = postSolution
		{5508CC0C-2902-42F4-B8D6-4754CFE66A78}.Debug|Any CPU.ActiveCfg = Debug|Any CPU
		{5508CC0C-2902-42F4-B8D6-4754CFE66A78}.Debug|Any CPU.Build.0 = Debug|Any CPU
		{5508CC0C-2902-42F4-B8D6-4754CFE66A78}.Release|Any CPU.ActiveCfg = Release|Any CPU
		{5508CC0C-2902-42F4-B8D6-4754CFE66A78}.Release|Any CPU.Build.0 = Release|Any CPU
	EndGlobalSection
	GlobalSection(SolutionProperties) = preSolution
		HideSolutionNode = FALSE
	EndGlobalSection
	GlobalSection(ExtensibilityGlobals) = postSolution
		SolutionGuid = {2EB286EC-3980-4C98-B35E-EED0358B5586}
	EndGlobalSection
EndGlobal
